// !$*UTF8*$!
{
	archiveVersion = 1;
	classes = {
	};
	objectVersion = 55;
	objects = {

/* Begin PBXBuildFile section */
		E9619B27287931BD007A5067 /* vehicle.cpp in Sources */ = {isa = PBXBuildFile; fileRef = E9619B25287931BD007A5067 /* vehicle.cpp */; };
		E9A6FAEB2877D89C00CCD3E6 /* vec_functions.cpp in Sources */ = {isa = PBXBuildFile; fileRef = E9A6FAE22877D89C00CCD3E6 /* vec_functions.cpp */; };
		E9A6FAED2877D89C00CCD3E6 /* EOM.cpp in Sources */ = {isa = PBXBuildFile; fileRef = E9A6FAE52877D89C00CCD3E6 /* EOM.cpp */; };
		E9A6FAEE2877D89C00CCD3E6 /* atmospheric_model.cpp in Sources */ = {isa = PBXBuildFile; fileRef = E9A6FAE62877D89C00CCD3E6 /* atmospheric_model.cpp */; };
		E9A6FAEF2877D89C00CCD3E6 /* integrator.cpp in Sources */ = {isa = PBXBuildFile; fileRef = E9A6FAE82877D89C00CCD3E6 /* integrator.cpp */; };
		E9A6FAF02877D89C00CCD3E6 /* main.cpp in Sources */ = {isa = PBXBuildFile; fileRef = E9A6FAEA2877D89C00CCD3E6 /* main.cpp */; };
/* End PBXBuildFile section */

/* Begin PBXCopyFilesBuildPhase section */
		E9A6FAD42877D86600CCD3E6 /* CopyFiles */ = {
			isa = PBXCopyFilesBuildPhase;
			buildActionMask = 2147483647;
			dstPath = /usr/share/man/man1/;
			dstSubfolderSpec = 0;
			files = (
			);
			runOnlyForDeploymentPostprocessing = 1;
		};
/* End PBXCopyFilesBuildPhase section */

/* Begin PBXFileReference section */
		E9619B25287931BD007A5067 /* vehicle.cpp */ = {isa = PBXFileReference; lastKnownFileType = sourcecode.cpp.cpp; path = vehicle.cpp; sourceTree = "<group>"; };
		E9619B26287931BD007A5067 /* vehicle.hpp */ = {isa = PBXFileReference; lastKnownFileType = sourcecode.cpp.h; path = vehicle.hpp; sourceTree = "<group>"; };
		E9A6FAD62877D86600CCD3E6 /* ccode */ = {isa = PBXFileReference; explicitFileType = "compiled.mach-o.executable"; includeInIndex = 0; path = ccode; sourceTree = BUILT_PRODUCTS_DIR; };
		E9A6FAE02877D89C00CCD3E6 /* vec_functions.hpp */ = {isa = PBXFileReference; fileEncoding = 4; lastKnownFileType = sourcecode.cpp.h; path = vec_functions.hpp; sourceTree = "<group>"; };
		E9A6FAE12877D89C00CCD3E6 /* EOM.hpp */ = {isa = PBXFileReference; fileEncoding = 4; lastKnownFileType = sourcecode.cpp.h; path = EOM.hpp; sourceTree = "<group>"; };
		E9A6FAE22877D89C00CCD3E6 /* vec_functions.cpp */ = {isa = PBXFileReference; fileEncoding = 4; lastKnownFileType = sourcecode.cpp.cpp; path = vec_functions.cpp; sourceTree = "<group>"; };
		E9A6FAE42877D89C00CCD3E6 /* integrator.hpp */ = {isa = PBXFileReference; fileEncoding = 4; lastKnownFileType = sourcecode.cpp.h; path = integrator.hpp; sourceTree = "<group>"; };
		E9A6FAE52877D89C00CCD3E6 /* EOM.cpp */ = {isa = PBXFileReference; fileEncoding = 4; lastKnownFileType = sourcecode.cpp.cpp; path = EOM.cpp; sourceTree = "<group>"; };
		E9A6FAE62877D89C00CCD3E6 /* atmospheric_model.cpp */ = {isa = PBXFileReference; fileEncoding = 4; lastKnownFileType = sourcecode.cpp.cpp; path = atmospheric_model.cpp; sourceTree = "<group>"; };
		E9A6FAE72877D89C00CCD3E6 /* atmospheric_model.hpp */ = {isa = PBXFileReference; fileEncoding = 4; lastKnownFileType = sourcecode.cpp.h; path = atmospheric_model.hpp; sourceTree = "<group>"; };
		E9A6FAE82877D89C00CCD3E6 /* integrator.cpp */ = {isa = PBXFileReference; fileEncoding = 4; lastKnownFileType = sourcecode.cpp.cpp; path = integrator.cpp; sourceTree = "<group>"; };
		E9A6FAEA2877D89C00CCD3E6 /* main.cpp */ = {isa = PBXFileReference; fileEncoding = 4; lastKnownFileType = sourcecode.cpp.cpp; path = main.cpp; sourceTree = "<group>"; };
/* End PBXFileReference section */

/* Begin PBXFrameworksBuildPhase section */
		E9A6FAD32877D86600CCD3E6 /* Frameworks */ = {
			isa = PBXFrameworksBuildPhase;
			buildActionMask = 2147483647;
			files = (
			);
			runOnlyForDeploymentPostprocessing = 0;
		};
/* End PBXFrameworksBuildPhase section */

/* Begin PBXGroup section */
		E9A6FACD2877D86600CCD3E6 = {
			isa = PBXGroup;
			children = (
				E9A6FAD82877D86600CCD3E6 /* ccode */,
				E9A6FAD72877D86600CCD3E6 /* Products */,
			);
			sourceTree = "<group>";
		};
		E9A6FAD72877D86600CCD3E6 /* Products */ = {
			isa = PBXGroup;
			children = (
				E9A6FAD62877D86600CCD3E6 /* ccode */,
			);
			name = Products;
			sourceTree = "<group>";
		};
		E9A6FAD82877D86600CCD3E6 /* ccode */ = {
			isa = PBXGroup;
			children = (
				E9A6FAEA2877D89C00CCD3E6 /* main.cpp */,
				E9A6FAE62877D89C00CCD3E6 /* atmospheric_model.cpp */,
				E9A6FAE72877D89C00CCD3E6 /* atmospheric_model.hpp */,
				E9A6FAE52877D89C00CCD3E6 /* EOM.cpp */,
				E9A6FAE12877D89C00CCD3E6 /* EOM.hpp */,
				E9A6FAE82877D89C00CCD3E6 /* integrator.cpp */,
				E9A6FAE42877D89C00CCD3E6 /* integrator.hpp */,
				E9A6FAE22877D89C00CCD3E6 /* vec_functions.cpp */,
				E9A6FAE02877D89C00CCD3E6 /* vec_functions.hpp */,
				E9619B25287931BD007A5067 /* vehicle.cpp */,
				E9619B26287931BD007A5067 /* vehicle.hpp */,
			);
			path = ccode;
			sourceTree = "<group>";
		};
/* End PBXGroup section */

/* Begin PBXNativeTarget section */
		E9A6FAD52877D86600CCD3E6 /* ccode */ = {
			isa = PBXNativeTarget;
			buildConfigurationList = E9A6FADD2877D86600CCD3E6 /* Build configuration list for PBXNativeTarget "ccode" */;
			buildPhases = (
				E9A6FAD22877D86600CCD3E6 /* Sources */,
				E9A6FAD32877D86600CCD3E6 /* Frameworks */,
				E9A6FAD42877D86600CCD3E6 /* CopyFiles */,
			);
			buildRules = (
			);
			dependencies = (
			);
			name = ccode;
			productName = ccode;
			productReference = E9A6FAD62877D86600CCD3E6 /* ccode */;
			productType = "com.apple.product-type.tool";
		};
/* End PBXNativeTarget section */

/* Begin PBXProject section */
		E9A6FACE2877D86600CCD3E6 /* Project object */ = {
			isa = PBXProject;
			attributes = {
				BuildIndependentTargetsInParallel = 1;
				LastUpgradeCheck = 1340;
				TargetAttributes = {
					E9A6FAD52877D86600CCD3E6 = {
						CreatedOnToolsVersion = 13.4.1;
					};
				};
			};
			buildConfigurationList = E9A6FAD12877D86600CCD3E6 /* Build configuration list for PBXProject "ccode" */;
			compatibilityVersion = "Xcode 13.0";
			developmentRegion = en;
			hasScannedForEncodings = 0;
			knownRegions = (
				en,
				Base,
			);
			mainGroup = E9A6FACD2877D86600CCD3E6;
			productRefGroup = E9A6FAD72877D86600CCD3E6 /* Products */;
			projectDirPath = "";
			projectRoot = "";
			targets = (
				E9A6FAD52877D86600CCD3E6 /* ccode */,
			);
		};
/* End PBXProject section */

/* Begin PBXSourcesBuildPhase section */
		E9A6FAD22877D86600CCD3E6 /* Sources */ = {
			isa = PBXSourcesBuildPhase;
			buildActionMask = 2147483647;
			files = (
				E9A6FAED2877D89C00CCD3E6 /* EOM.cpp in Sources */,
				E9A6FAEF2877D89C00CCD3E6 /* integrator.cpp in Sources */,
				E9A6FAF02877D89C00CCD3E6 /* main.cpp in Sources */,
				E9A6FAEE2877D89C00CCD3E6 /* atmospheric_model.cpp in Sources */,
				E9619B27287931BD007A5067 /* vehicle.cpp in Sources */,
				E9A6FAEB2877D89C00CCD3E6 /* vec_functions.cpp in Sources */,
			);
			runOnlyForDeploymentPostprocessing = 0;
		};
/* End PBXSourcesBuildPhase section */

/* Begin XCBuildConfiguration section */
		E9A6FADB2877D86600CCD3E6 /* Debug */ = {
			isa = XCBuildConfiguration;
			buildSettings = {
				ALWAYS_SEARCH_USER_PATHS = NO;
				CLANG_ANALYZER_NONNULL = YES;
				CLANG_ANALYZER_NUMBER_OBJECT_CONVERSION = YES_AGGRESSIVE;
				CLANG_CXX_LANGUAGE_STANDARD = "gnu++17";
				CLANG_ENABLE_MODULES = YES;
				CLANG_ENABLE_OBJC_ARC = YES;
				CLANG_ENABLE_OBJC_WEAK = YES;
				CLANG_WARN_BLOCK_CAPTURE_AUTORELEASING = YES;
				CLANG_WARN_BOOL_CONVERSION = YES;
				CLANG_WARN_COMMA = YES;
				CLANG_WARN_CONSTANT_CONVERSION = YES;
				CLANG_WARN_DEPRECATED_OBJC_IMPLEMENTATIONS = YES;
				CLANG_WARN_DIRECT_OBJC_ISA_USAGE = YES_ERROR;
				CLANG_WARN_DOCUMENTATION_COMMENTS = YES;
				CLANG_WARN_EMPTY_BODY = YES;
				CLANG_WARN_ENUM_CONVERSION = YES;
				CLANG_WARN_INFINITE_RECURSION = YES;
				CLANG_WARN_INT_CONVERSION = YES;
				CLANG_WARN_NON_LITERAL_NULL_CONVERSION = YES;
				CLANG_WARN_OBJC_IMPLICIT_RETAIN_SELF = YES;
				CLANG_WARN_OBJC_LITERAL_CONVERSION = YES;
				CLANG_WARN_OBJC_ROOT_CLASS = YES_ERROR;
				CLANG_WARN_QUOTED_INCLUDE_IN_FRAMEWORK_HEADER = YES;
				CLANG_WARN_RANGE_LOOP_ANALYSIS = YES;
				CLANG_WARN_STRICT_PROTOTYPES = YES;
				CLANG_WARN_SUSPICIOUS_MOVE = YES;
				CLANG_WARN_UNGUARDED_AVAILABILITY = YES_AGGRESSIVE;
				CLANG_WARN_UNREACHABLE_CODE = YES;
				CLANG_WARN__DUPLICATE_METHOD_MATCH = YES;
				COPY_PHASE_STRIP = NO;
				DEBUG_INFORMATION_FORMAT = dwarf;
				ENABLE_STRICT_OBJC_MSGSEND = YES;
				ENABLE_TESTABILITY = YES;
				GCC_C_LANGUAGE_STANDARD = gnu11;
				GCC_DYNAMIC_NO_PIC = NO;
				GCC_NO_COMMON_BLOCKS = YES;
				GCC_OPTIMIZATION_LEVEL = 0;
				GCC_PREPROCESSOR_DEFINITIONS = (
					"DEBUG=1",
					"$(inherited)",
				);
				GCC_WARN_64_TO_32_BIT_CONVERSION = YES;
				GCC_WARN_ABOUT_RETURN_TYPE = YES_ERROR;
				GCC_WARN_UNDECLARED_SELECTOR = YES;
				GCC_WARN_UNINITIALIZED_AUTOS = YES_AGGRESSIVE;
				GCC_WARN_UNUSED_FUNCTION = YES;
				GCC_WARN_UNUSED_VARIABLE = YES;
				MACOSX_DEPLOYMENT_TARGET = 12.3;
				MTL_ENABLE_DEBUG_INFO = INCLUDE_SOURCE;
				MTL_FAST_MATH = YES;
				ONLY_ACTIVE_ARCH = YES;
				SDKROOT = macosx;
			};
			name = Debug;
		};
		E9A6FADC2877D86600CCD3E6 /* Release */ = {
			isa = XCBuildConfiguration;
			buildSettings = {
				ALWAYS_SEARCH_USER_PATHS = NO;
				CLANG_ANALYZER_NONNULL = YES;
				CLANG_ANALYZER_NUMBER_OBJECT_CONVERSION = YES_AGGRESSIVE;
				CLANG_CXX_LANGUAGE_STANDARD = "gnu++17";
				CLANG_ENABLE_MODULES = YES;
				CLANG_ENABLE_OBJC_ARC = YES;
				CLANG_ENABLE_OBJC_WEAK = YES;
				CLANG_WARN_BLOCK_CAPTURE_AUTORELEASING = YES;
				CLANG_WARN_BOOL_CONVERSION = YES;
				CLANG_WARN_COMMA = YES;
				CLANG_WARN_CONSTANT_CONVERSION = YES;
				CLANG_WARN_DEPRECATED_OBJC_IMPLEMENTATIONS = YES;
				CLANG_WARN_DIRECT_OBJC_ISA_USAGE = YES_ERROR;
				CLANG_WARN_DOCUMENTATION_COMMENTS = YES;
				CLANG_WARN_EMPTY_BODY = YES;
				CLANG_WARN_ENUM_CONVERSION = YES;
				CLANG_WARN_INFINITE_RECURSION = YES;
				CLANG_WARN_INT_CONVERSION = YES;
				CLANG_WARN_NON_LITERAL_NULL_CONVERSION = YES;
				CLANG_WARN_OBJC_IMPLICIT_RETAIN_SELF = YES;
				CLANG_WARN_OBJC_LITERAL_CONVERSION = YES;
				CLANG_WARN_OBJC_ROOT_CLASS = YES_ERROR;
				CLANG_WARN_QUOTED_INCLUDE_IN_FRAMEWORK_HEADER = YES;
				CLANG_WARN_RANGE_LOOP_ANALYSIS = YES;
				CLANG_WARN_STRICT_PROTOTYPES = YES;
				CLANG_WARN_SUSPICIOUS_MOVE = YES;
				CLANG_WARN_UNGUARDED_AVAILABILITY = YES_AGGRESSIVE;
				CLANG_WARN_UNREACHABLE_CODE = YES;
				CLANG_WARN__DUPLICATE_METHOD_MATCH = YES;
				COPY_PHASE_STRIP = NO;
				DEBUG_INFORMATION_FORMAT = "dwarf-with-dsym";
				ENABLE_NS_ASSERTIONS = NO;
				ENABLE_STRICT_OBJC_MSGSEND = YES;
				GCC_C_LANGUAGE_STANDARD = gnu11;
				GCC_NO_COMMON_BLOCKS = YES;
				GCC_WARN_64_TO_32_BIT_CONVERSION = YES;
				GCC_WARN_ABOUT_RETURN_TYPE = YES_ERROR;
				GCC_WARN_UNDECLARED_SELECTOR = YES;
				GCC_WARN_UNINITIALIZED_AUTOS = YES_AGGRESSIVE;
				GCC_WARN_UNUSED_FUNCTION = YES;
				GCC_WARN_UNUSED_VARIABLE = YES;
				MACOSX_DEPLOYMENT_TARGET = 12.3;
				MTL_ENABLE_DEBUG_INFO = NO;
				MTL_FAST_MATH = YES;
				SDKROOT = macosx;
			};
			name = Release;
		};
		E9A6FADE2877D86600CCD3E6 /* Debug */ = {
			isa = XCBuildConfiguration;
			buildSettings = {
				CODE_SIGN_STYLE = Automatic;
				PRODUCT_NAME = "$(TARGET_NAME)";
			};
			name = Debug;
		};
		E9A6FADF2877D86600CCD3E6 /* Release */ = {
			isa = XCBuildConfiguration;
			buildSettings = {
				CODE_SIGN_STYLE = Automatic;
				PRODUCT_NAME = "$(TARGET_NAME)";
			};
			name = Release;
		};
/* End XCBuildConfiguration section */

/* Begin XCConfigurationList section */
		E9A6FAD12877D86600CCD3E6 /* Build configuration list for PBXProject "ccode" */ = {
			isa = XCConfigurationList;
			buildConfigurations = (
				E9A6FADB2877D86600CCD3E6 /* Debug */,
				E9A6FADC2877D86600CCD3E6 /* Release */,
			);
			defaultConfigurationIsVisible = 0;
			defaultConfigurationName = Release;
		};
		E9A6FADD2877D86600CCD3E6 /* Build configuration list for PBXNativeTarget "ccode" */ = {
			isa = XCConfigurationList;
			buildConfigurations = (
				E9A6FADE2877D86600CCD3E6 /* Debug */,
				E9A6FADF2877D86600CCD3E6 /* Release */,
			);
			defaultConfigurationIsVisible = 0;
			defaultConfigurationName = Release;
		};
/* End XCConfigurationList section */
	};
	rootObject = E9A6FACE2877D86600CCD3E6 /* Project object */;
}
